
Microsoft Visual Studio Solution File, Format Version 12.00
# Visual Studio Version 17
VisualStudioVersion = 17.5.33414.496
MinimumVisualStudioVersion = 10.0.40219.1
Project("{9A19103F-16F7-4668-BE54-9A1E7A4F7556}") = "DocLibMan", "DocLibMan.csproj", "{1E1F3631-4942-4AD7-AF4D-8D56FAC36439}"
EndProject
Project("{2150E333-8FDC-42A3-9474-1A3956D46DE8}") = "Solution Items", "Solution Items", "{876451D4-3E57-4041-9162-1E158EF6F78B}"
	ProjectSection(SolutionItems) = preProject
		global.json = global.json
	EndProjectSection
EndProject
Project("{FAE04EC0-301F-11D3-BF4B-00C04F79EFBC}") = "DocLibManTests", "DocLibManTests\DocLibManTests.csproj", "{701CAEA6-8271-4F74-8DF0-ADF574C4D606}"
EndProject
Global
	GlobalSection(SolutionConfigurationPlatforms) = preSolution
		Debug|Any CPU = Debug|Any CPU
		Release|Any CPU = Release|Any CPU
	EndGlobalSection
	GlobalSection(ProjectConfigurationPlatforms) = postSolution
		{1E1F3631-4942-4AD7-AF4D-8D56FAC36439}.Debug|Any CPU.ActiveCfg = Debug|Any CPU
		{1E1F3631-4942-4AD7-AF4D-8D56FAC36439}.Debug|Any CPU.Build.0 = Debug|Any CPU
		{1E1F3631-4942-4AD7-AF4D-8D56FAC36439}.Release|Any CPU.ActiveCfg = Release|Any CPU
		{1E1F3631-4942-4AD7-AF4D-8D56FAC36439}.Release|Any CPU.Build.0 = Release|Any CPU
		{701CAEA6-8271-4F74-8DF0-ADF574C4D606}.Debug|Any CPU.ActiveCfg = Debug|Any CPU
		{701CAEA6-8271-4F74-8DF0-ADF574C4D606}.Debug|Any CPU.Build.0 = Debug|Any CPU
		{701CAEA6-8271-4F74-8DF0-ADF574C4D606}.Release|Any CPU.ActiveCfg = Release|Any CPU
		{701CAEA6-8271-4F74-8DF0-ADF574C4D606}.Release|Any CPU.Build.0 = Release|Any CPU
	EndGlobalSection
	GlobalSection(SolutionProperties) = preSolution
		HideSolutionNode = FALSE
	EndGlobalSection
	GlobalSection(ExtensibilityGlobals) = postSolution
		SolutionGuid = {695AB218-52E2-4454-801A-AF0BEF70B3AA}
	EndGlobalSection
EndGlobal
